
Microsoft Visual Studio Solution File, Format Version 12.00
# Visual Studio Version 17
VisualStudioVersion = 17.4.33213.308
MinimumVisualStudioVersion = 10.0.40219.1
Project("{FAE04EC0-301F-11D3-BF4B-00C04F79EFBC}") = "CadastroCliente", "CadastroCliente\CadastroCliente.csproj", "{E8FE06BA-48F9-46CA-84E3-B362BF034F1D}"
EndProject
Global
	GlobalSection(SolutionConfigurationPlatforms) = preSolution
		Debug|Any CPU = Debug|Any CPU
		Release|Any CPU = Release|Any CPU
	EndGlobalSection
	GlobalSection(ProjectConfigurationPlatforms) = postSolution
		{E8FE06BA-48F9-46CA-84E3-B362BF034F1D}.Debug|Any CPU.ActiveCfg = Debug|Any CPU
		{E8FE06BA-48F9-46CA-84E3-B362BF034F1D}.Debug|Any CPU.Build.0 = Debug|Any CPU
		{E8FE06BA-48F9-46CA-84E3-B362BF034F1D}.Release|Any CPU.ActiveCfg = Release|Any CPU
		{E8FE06BA-48F9-46CA-84E3-B362BF034F1D}.Release|Any CPU.Build.0 = Release|Any CPU
	EndGlobalSection
	GlobalSection(SolutionProperties) = preSolution
		HideSolutionNode = FALSE
	EndGlobalSection
	GlobalSection(ExtensibilityGlobals) = postSolution
		SolutionGuid = {B02087E1-4DEE-4A55-B0AF-629D4DFAEABE}
	EndGlobalSection
EndGlobal
